
Microsoft Visual Studio Solution File, Format Version 12.00
# Visual Studio 15
Project("{FAE04EC0-301F-11D3-BF4B-00C04F79EFBC}") = "Run Now New Version - LevelRepair", "Assembly-CSharp.csproj", "{20A397E8-9808-2CA1-9559-C82FDEC369FA}"
EndProject
Global
	GlobalSection(SolutionConfigurationPlatforms) = preSolution
		Debug|Any CPU = Debug|Any CPU
		Release|Any CPU = Release|Any CPU
	EndGlobalSection
	GlobalSection(ProjectConfigurationPlatforms) = postSolution
		{20A397E8-9808-2CA1-9559-C82FDEC369FA}.Debug|Any CPU.ActiveCfg = Debug|Any CPU
		{20A397E8-9808-2CA1-9559-C82FDEC369FA}.Debug|Any CPU.Build.0 = Debug|Any CPU
		{20A397E8-9808-2CA1-9559-C82FDEC369FA}.Release|Any CPU.ActiveCfg = Release|Any CPU
		{20A397E8-9808-2CA1-9559-C82FDEC369FA}.Release|Any CPU.Build.0 = Release|Any CPU
	EndGlobalSection
	GlobalSection(SolutionProperties) = preSolution
		HideSolutionNode = FALSE
	EndGlobalSection
EndGlobal
